
Microsoft Visual Studio Solution File, Format Version 12.00
# Visual Studio 14
VisualStudioVersion = 14.0.25420.1
MinimumVisualStudioVersion = 10.0.40219.1
Project("{FAE04EC0-301F-11D3-BF4B-00C04F79EFBC}") = "Benchmark", "BenchmarkUI\Benchmark.csproj", "{0DFEE765-2A72-4786-91BC-0A8FD8DB5D89}"
EndProject
Project("{FAE04EC0-301F-11D3-BF4B-00C04F79EFBC}") = "OrderPusher", "PushOrdersToQueue\OrderPusher.csproj", "{19A42ED4-78B5-4139-90D5-58B10A9DA06C}"
EndProject
Project("{FAE04EC0-301F-11D3-BF4B-00C04F79EFBC}") = "Common", "Common\Common.csproj", "{AA5B3C93-CFC8-4A11-A017-9956FC9E9722}"
EndProject
Global
	GlobalSection(SolutionConfigurationPlatforms) = preSolution
		Debug|Any CPU = Debug|Any CPU
		Release|Any CPU = Release|Any CPU
	EndGlobalSection
	GlobalSection(ProjectConfigurationPlatforms) = postSolution
		{0DFEE765-2A72-4786-91BC-0A8FD8DB5D89}.Debug|Any CPU.ActiveCfg = Debug|Any CPU
		{0DFEE765-2A72-4786-91BC-0A8FD8DB5D89}.Debug|Any CPU.Build.0 = Debug|Any CPU
		{0DFEE765-2A72-4786-91BC-0A8FD8DB5D89}.Release|Any CPU.ActiveCfg = Release|Any CPU
		{0DFEE765-2A72-4786-91BC-0A8FD8DB5D89}.Release|Any CPU.Build.0 = Release|Any CPU
		{19A42ED4-78B5-4139-90D5-58B10A9DA06C}.Debug|Any CPU.ActiveCfg = Debug|Any CPU
		{19A42ED4-78B5-4139-90D5-58B10A9DA06C}.Debug|Any CPU.Build.0 = Debug|Any CPU
		{19A42ED4-78B5-4139-90D5-58B10A9DA06C}.Release|Any CPU.ActiveCfg = Release|Any CPU
		{19A42ED4-78B5-4139-90D5-58B10A9DA06C}.Release|Any CPU.Build.0 = Release|Any CPU
		{AA5B3C93-CFC8-4A11-A017-9956FC9E9722}.Debug|Any CPU.ActiveCfg = Debug|Any CPU
		{AA5B3C93-CFC8-4A11-A017-9956FC9E9722}.Debug|Any CPU.Build.0 = Debug|Any CPU
		{AA5B3C93-CFC8-4A11-A017-9956FC9E9722}.Release|Any CPU.ActiveCfg = Release|Any CPU
		{AA5B3C93-CFC8-4A11-A017-9956FC9E9722}.Release|Any CPU.Build.0 = Release|Any CPU
	EndGlobalSection
	GlobalSection(SolutionProperties) = preSolution
		HideSolutionNode = FALSE
	EndGlobalSection
EndGlobal
